
Microsoft Visual Studio Solution File, Format Version 12.00
# Visual Studio Version 17
VisualStudioVersion = 17.4.33403.182
MinimumVisualStudioVersion = 10.0.40219.1
Project("{FAE04EC0-301F-11D3-BF4B-00C04F79EFBC}") = "Exam assignment 28.01.25", "Exam assignment 28.01.25.csproj", "{87766C83-1933-485E-B0F2-5741C899DFE1}"
EndProject
Global
	GlobalSection(SolutionConfigurationPlatforms) = preSolution
		Debug|Any CPU = Debug|Any CPU
		Release|Any CPU = Release|Any CPU
	EndGlobalSection
	GlobalSection(ProjectConfigurationPlatforms) = postSolution
		{87766C83-1933-485E-B0F2-5741C899DFE1}.Debug|Any CPU.ActiveCfg = Debug|Any CPU
		{87766C83-1933-485E-B0F2-5741C899DFE1}.Debug|Any CPU.Build.0 = Debug|Any CPU
		{87766C83-1933-485E-B0F2-5741C899DFE1}.Release|Any CPU.ActiveCfg = Release|Any CPU
		{87766C83-1933-485E-B0F2-5741C899DFE1}.Release|Any CPU.Build.0 = Release|Any CPU
	EndGlobalSection
	GlobalSection(SolutionProperties) = preSolution
		HideSolutionNode = FALSE
	EndGlobalSection
	GlobalSection(ExtensibilityGlobals) = postSolution
		SolutionGuid = {4DAC333D-E43C-4A1C-B997-B2D08F5FD725}
	EndGlobalSection
EndGlobal
